
Microsoft Visual Studio Solution File, Format Version 12.00
# Visual Studio 14
VisualStudioVersion = 14.0.24720.0
MinimumVisualStudioVersion = 10.0.40219.1
Project("{FAE04EC0-301F-11D3-BF4B-00C04F79EFBC}") = "BelieveOrNotBelieve", "BelieveOrNotBelieve\BelieveOrNotBelieve.csproj", "{9208EA0B-5D6D-4F5C-9B91-E8864D31D4C1}"
EndProject
Project("{FAE04EC0-301F-11D3-BF4B-00C04F79EFBC}") = "Reflection", "Reflection\Reflection.csproj", "{DEC07304-7BB5-41F4-95EC-DE9862402498}"
EndProject
Global
	GlobalSection(SolutionConfigurationPlatforms) = preSolution
		Debug|Any CPU = Debug|Any CPU
		Release|Any CPU = Release|Any CPU
	EndGlobalSection
	GlobalSection(ProjectConfigurationPlatforms) = postSolution
		{9208EA0B-5D6D-4F5C-9B91-E8864D31D4C1}.Debug|Any CPU.ActiveCfg = Debug|Any CPU
		{9208EA0B-5D6D-4F5C-9B91-E8864D31D4C1}.Debug|Any CPU.Build.0 = Debug|Any CPU
		{9208EA0B-5D6D-4F5C-9B91-E8864D31D4C1}.Release|Any CPU.ActiveCfg = Release|Any CPU
		{9208EA0B-5D6D-4F5C-9B91-E8864D31D4C1}.Release|Any CPU.Build.0 = Release|Any CPU
		{DEC07304-7BB5-41F4-95EC-DE9862402498}.Debug|Any CPU.ActiveCfg = Debug|Any CPU
		{DEC07304-7BB5-41F4-95EC-DE9862402498}.Debug|Any CPU.Build.0 = Debug|Any CPU
		{DEC07304-7BB5-41F4-95EC-DE9862402498}.Release|Any CPU.ActiveCfg = Release|Any CPU
		{DEC07304-7BB5-41F4-95EC-DE9862402498}.Release|Any CPU.Build.0 = Release|Any CPU
	EndGlobalSection
	GlobalSection(SolutionProperties) = preSolution
		HideSolutionNode = FALSE
	EndGlobalSection
EndGlobal
