
Microsoft Visual Studio Solution File, Format Version 12.00
# Visual Studio 14
VisualStudioVersion = 14.0.24720.0
MinimumVisualStudioVersion = 10.0.40219.1
Project("{FAE04EC0-301F-11D3-BF4B-00C04F79EFBC}") = "LessonUtils", "LessonUtils\LessonUtils.csproj", "{0F1E39EF-170D-4FAB-907A-C6062FC2D7BB}"
EndProject
Project("{FAE04EC0-301F-11D3-BF4B-00C04F79EFBC}") = "Menu", "Menu\Menu.csproj", "{CA122F7D-3E19-4D58-ADE0-1CE53D7ED8B5}"
EndProject
Project("{FAE04EC0-301F-11D3-BF4B-00C04F79EFBC}") = "Task1", "Task1\Task1.csproj", "{DEDC6D0D-A44E-4A4C-89C0-6243AFC069DA}"
EndProject
Global
	GlobalSection(SolutionConfigurationPlatforms) = preSolution
		Debug|Any CPU = Debug|Any CPU
		Release|Any CPU = Release|Any CPU
	EndGlobalSection
	GlobalSection(ProjectConfigurationPlatforms) = postSolution
		{0F1E39EF-170D-4FAB-907A-C6062FC2D7BB}.Debug|Any CPU.ActiveCfg = Debug|Any CPU
		{0F1E39EF-170D-4FAB-907A-C6062FC2D7BB}.Debug|Any CPU.Build.0 = Debug|Any CPU
		{0F1E39EF-170D-4FAB-907A-C6062FC2D7BB}.Release|Any CPU.ActiveCfg = Release|Any CPU
		{0F1E39EF-170D-4FAB-907A-C6062FC2D7BB}.Release|Any CPU.Build.0 = Release|Any CPU
		{CA122F7D-3E19-4D58-ADE0-1CE53D7ED8B5}.Debug|Any CPU.ActiveCfg = Debug|Any CPU
		{CA122F7D-3E19-4D58-ADE0-1CE53D7ED8B5}.Debug|Any CPU.Build.0 = Debug|Any CPU
		{CA122F7D-3E19-4D58-ADE0-1CE53D7ED8B5}.Release|Any CPU.ActiveCfg = Release|Any CPU
		{CA122F7D-3E19-4D58-ADE0-1CE53D7ED8B5}.Release|Any CPU.Build.0 = Release|Any CPU
		{DEDC6D0D-A44E-4A4C-89C0-6243AFC069DA}.Debug|Any CPU.ActiveCfg = Debug|Any CPU
		{DEDC6D0D-A44E-4A4C-89C0-6243AFC069DA}.Debug|Any CPU.Build.0 = Debug|Any CPU
		{DEDC6D0D-A44E-4A4C-89C0-6243AFC069DA}.Release|Any CPU.ActiveCfg = Release|Any CPU
		{DEDC6D0D-A44E-4A4C-89C0-6243AFC069DA}.Release|Any CPU.Build.0 = Release|Any CPU
	EndGlobalSection
	GlobalSection(SolutionProperties) = preSolution
		HideSolutionNode = FALSE
	EndGlobalSection
EndGlobal
